
Microsoft Visual Studio Solution File, Format Version 12.00
# Visual Studio Version 16
VisualStudioVersion = 16.0.34931.43
MinimumVisualStudioVersion = 10.0.40219.1
Project("{FAE04EC0-301F-11D3-BF4B-00C04F79EFBC}") = "IntroductionToDotNet", "IntroductionToDotNet\IntroductionToDotNet.csproj", "{70F3EB00-437B-43EB-9A53-32531069E0D9}"
EndProject
Project("{FAE04EC0-301F-11D3-BF4B-00C04F79EFBC}") = "Shooter", "Shooter\Shooter.csproj", "{2733F47B-8ED0-4BF4-BAC0-9978A6086A2D}"
EndProject
Project("{FAE04EC0-301F-11D3-BF4B-00C04F79EFBC}") = "Calculator", "Calculator\Calculator.csproj", "{CE39D14E-7651-4503-8F27-9B8E63F7098A}"
EndProject
Project("{FAE04EC0-301F-11D3-BF4B-00C04F79EFBC}") = "Geometry", "Geometry\Geometry.csproj", "{D7435C01-40AD-47F8-ABA2-983DD0367997}"
EndProject
Project("{FAE04EC0-301F-11D3-BF4B-00C04F79EFBC}") = "Chess", "Chess\Chess.csproj", "{B5EFBDCE-7708-4CCF-B618-4EBE375F6593}"
EndProject
Project("{FAE04EC0-301F-11D3-BF4B-00C04F79EFBC}") = "Calculator2", "Calculator2\Calculator2.csproj", "{BBE1BDC6-115B-4A7E-977D-787D6C0993E5}"
EndProject
Global
	GlobalSection(SolutionConfigurationPlatforms) = preSolution
		Debug|Any CPU = Debug|Any CPU
		Release|Any CPU = Release|Any CPU
	EndGlobalSection
	GlobalSection(ProjectConfigurationPlatforms) = postSolution
		{70F3EB00-437B-43EB-9A53-32531069E0D9}.Debug|Any CPU.ActiveCfg = Debug|Any CPU
		{70F3EB00-437B-43EB-9A53-32531069E0D9}.Debug|Any CPU.Build.0 = Debug|Any CPU
		{70F3EB00-437B-43EB-9A53-32531069E0D9}.Release|Any CPU.ActiveCfg = Release|Any CPU
		{70F3EB00-437B-43EB-9A53-32531069E0D9}.Release|Any CPU.Build.0 = Release|Any CPU
		{2733F47B-8ED0-4BF4-BAC0-9978A6086A2D}.Debug|Any CPU.ActiveCfg = Debug|Any CPU
		{2733F47B-8ED0-4BF4-BAC0-9978A6086A2D}.Debug|Any CPU.Build.0 = Debug|Any CPU
		{2733F47B-8ED0-4BF4-BAC0-9978A6086A2D}.Release|Any CPU.ActiveCfg = Release|Any CPU
		{2733F47B-8ED0-4BF4-BAC0-9978A6086A2D}.Release|Any CPU.Build.0 = Release|Any CPU
		{CE39D14E-7651-4503-8F27-9B8E63F7098A}.Debug|Any CPU.ActiveCfg = Debug|Any CPU
		{CE39D14E-7651-4503-8F27-9B8E63F7098A}.Debug|Any CPU.Build.0 = Debug|Any CPU
		{CE39D14E-7651-4503-8F27-9B8E63F7098A}.Release|Any CPU.ActiveCfg = Release|Any CPU
		{CE39D14E-7651-4503-8F27-9B8E63F7098A}.Release|Any CPU.Build.0 = Release|Any CPU
		{D7435C01-40AD-47F8-ABA2-983DD0367997}.Debug|Any CPU.ActiveCfg = Debug|Any CPU
		{D7435C01-40AD-47F8-ABA2-983DD0367997}.Debug|Any CPU.Build.0 = Debug|Any CPU
		{D7435C01-40AD-47F8-ABA2-983DD0367997}.Release|Any CPU.ActiveCfg = Release|Any CPU
		{D7435C01-40AD-47F8-ABA2-983DD0367997}.Release|Any CPU.Build.0 = Release|Any CPU
		{B5EFBDCE-7708-4CCF-B618-4EBE375F6593}.Debug|Any CPU.ActiveCfg = Debug|Any CPU
		{B5EFBDCE-7708-4CCF-B618-4EBE375F6593}.Debug|Any CPU.Build.0 = Debug|Any CPU
		{B5EFBDCE-7708-4CCF-B618-4EBE375F6593}.Release|Any CPU.ActiveCfg = Release|Any CPU
		{B5EFBDCE-7708-4CCF-B618-4EBE375F6593}.Release|Any CPU.Build.0 = Release|Any CPU
		{BBE1BDC6-115B-4A7E-977D-787D6C0993E5}.Debug|Any CPU.ActiveCfg = Debug|Any CPU
		{BBE1BDC6-115B-4A7E-977D-787D6C0993E5}.Debug|Any CPU.Build.0 = Debug|Any CPU
		{BBE1BDC6-115B-4A7E-977D-787D6C0993E5}.Release|Any CPU.ActiveCfg = Release|Any CPU
		{BBE1BDC6-115B-4A7E-977D-787D6C0993E5}.Release|Any CPU.Build.0 = Release|Any CPU
	EndGlobalSection
	GlobalSection(SolutionProperties) = preSolution
		HideSolutionNode = FALSE
	EndGlobalSection
	GlobalSection(ExtensibilityGlobals) = postSolution
		SolutionGuid = {F2A23B7C-B76C-464E-B765-EEABA8C1F16B}
	EndGlobalSection
EndGlobal
